{
  "name": "iocfy-ts",
  "version": "0.4.0",
  "lockfileVersion": 1,
  "requires": true,
  "dependencies": {
    "@types/debug": {
      "version": "4.1.3",
      "resolved": "http://registry.npmjs.vipc.me/@types%2fdebug/-/debug-4.1.3.tgz",
      "integrity": "sha1-SWWodTHXxoY/Wwl7LFGLgl6SbMc="
    },
    "@types/node": {
      "version": "11.11.4",
      "resolved": "https://registry.npmjs.org/@types/node/-/node-11.11.4.tgz",
      "integrity": "sha512-02tIL+QIi/RW4E5xILdoAMjeJ9kYq5t5S2vciUdFPXv/ikFTb0zK8q9vXkg4+WAJuYXGiVT1H28AkD2C+IkXVw=="
    },
    "debug": {
      "version": "4.1.1",
      "resolved": "http://registry.npmjs.vipc.me/debug/-/debug-4.1.1.tgz",
      "integrity": "sha1-O3ImAlUQnGtYnO4FDx1RYTlmR5E=",
      "requires": {
        "ms": "^2.1.1"
      }
    },
    "ms": {
      "version": "2.1.1",
      "resolved": "http://registry.npmjs.vipc.me/ms/-/ms-2.1.1.tgz",
      "integrity": "sha1-MKWGTrPrsKZvLr5tcnrwagnYbgo="
    }
  }
}
